
Microsoft Visual Studio Solution File, Format Version 12.00
# Visual Studio Version 16
VisualStudioVersion = 16.0.32106.194
MinimumVisualStudioVersion = 10.0.40219.1
Project("{9A19103F-16F7-4668-BE54-9A1E7A4F7556}") = "PC_WPF", "PC_WPF\PC_WPF.csproj", "{577202EB-8C58-4713-9BFE-F35BFE33798A}"
EndProject
Project("{9A19103F-16F7-4668-BE54-9A1E7A4F7556}") = "PC", "PC\PC.csproj", "{052F647F-BFB7-42B9-8919-7C36B7E7D75C}"
EndProject
Project("{FAE04EC0-301F-11D3-BF4B-00C04F79EFBC}") = "PC_Core", "PC_Core\PC_Core.csproj", "{F924E93B-F8AE-4C73-90B8-FE69DB743782}"
EndProject
Global
	GlobalSection(SolutionConfigurationPlatforms) = preSolution
		Debug|Any CPU = Debug|Any CPU
		Release|Any CPU = Release|Any CPU
	EndGlobalSection
	GlobalSection(ProjectConfigurationPlatforms) = postSolution
		{577202EB-8C58-4713-9BFE-F35BFE33798A}.Debug|Any CPU.ActiveCfg = Debug|Any CPU
		{577202EB-8C58-4713-9BFE-F35BFE33798A}.Debug|Any CPU.Build.0 = Debug|Any CPU
		{577202EB-8C58-4713-9BFE-F35BFE33798A}.Release|Any CPU.ActiveCfg = Release|Any CPU
		{577202EB-8C58-4713-9BFE-F35BFE33798A}.Release|Any CPU.Build.0 = Release|Any CPU
		{052F647F-BFB7-42B9-8919-7C36B7E7D75C}.Debug|Any CPU.ActiveCfg = Debug|Any CPU
		{052F647F-BFB7-42B9-8919-7C36B7E7D75C}.Debug|Any CPU.Build.0 = Debug|Any CPU
		{052F647F-BFB7-42B9-8919-7C36B7E7D75C}.Release|Any CPU.ActiveCfg = Release|Any CPU
		{052F647F-BFB7-42B9-8919-7C36B7E7D75C}.Release|Any CPU.Build.0 = Release|Any CPU
		{F924E93B-F8AE-4C73-90B8-FE69DB743782}.Debug|Any CPU.ActiveCfg = Debug|Any CPU
		{F924E93B-F8AE-4C73-90B8-FE69DB743782}.Debug|Any CPU.Build.0 = Debug|Any CPU
		{F924E93B-F8AE-4C73-90B8-FE69DB743782}.Release|Any CPU.ActiveCfg = Release|Any CPU
		{F924E93B-F8AE-4C73-90B8-FE69DB743782}.Release|Any CPU.Build.0 = Release|Any CPU
	EndGlobalSection
	GlobalSection(SolutionProperties) = preSolution
		HideSolutionNode = FALSE
	EndGlobalSection
	GlobalSection(ExtensibilityGlobals) = postSolution
		SolutionGuid = {8D67AD88-9A04-48E9-B2CE-A82415F0A962}
	EndGlobalSection
EndGlobal
